
Microsoft Visual Studio Solution File, Format Version 12.00
# Visual Studio Version 17
VisualStudioVersion = 17.4.33213.308
MinimumVisualStudioVersion = 10.0.40219.1
Project("{FAE04EC0-301F-11D3-BF4B-00C04F79EFBC}") = "dNetBm98", "dNetBm98\dNetBm98.csproj", "{36E74492-E4FA-4D82-A0A8-EA67003B6914}"
EndProject
Project("{FAE04EC0-301F-11D3-BF4B-00C04F79EFBC}") = "TEST_Library", "TEST_Library\TEST_Library.csproj", "{043AC441-584A-42AB-BE4D-10FBEF23AFD8}"
EndProject
Project("{FAE04EC0-301F-11D3-BF4B-00C04F79EFBC}") = "NTEST_dNETbm98", "NTEST_dNETbm98\NTEST_dNETbm98.csproj", "{DECBA9FE-B5DE-4B17-8FA2-D87A60F2E487}"
EndProject
Global
	GlobalSection(SolutionConfigurationPlatforms) = preSolution
		Debug|Any CPU = Debug|Any CPU
		Release|Any CPU = Release|Any CPU
	EndGlobalSection
	GlobalSection(ProjectConfigurationPlatforms) = postSolution
		{36E74492-E4FA-4D82-A0A8-EA67003B6914}.Debug|Any CPU.ActiveCfg = Debug|Any CPU
		{36E74492-E4FA-4D82-A0A8-EA67003B6914}.Debug|Any CPU.Build.0 = Debug|Any CPU
		{36E74492-E4FA-4D82-A0A8-EA67003B6914}.Release|Any CPU.ActiveCfg = Release|Any CPU
		{36E74492-E4FA-4D82-A0A8-EA67003B6914}.Release|Any CPU.Build.0 = Release|Any CPU
		{043AC441-584A-42AB-BE4D-10FBEF23AFD8}.Debug|Any CPU.ActiveCfg = Debug|Any CPU
		{043AC441-584A-42AB-BE4D-10FBEF23AFD8}.Debug|Any CPU.Build.0 = Debug|Any CPU
		{043AC441-584A-42AB-BE4D-10FBEF23AFD8}.Release|Any CPU.ActiveCfg = Release|Any CPU
		{043AC441-584A-42AB-BE4D-10FBEF23AFD8}.Release|Any CPU.Build.0 = Release|Any CPU
		{DECBA9FE-B5DE-4B17-8FA2-D87A60F2E487}.Debug|Any CPU.ActiveCfg = Debug|Any CPU
		{DECBA9FE-B5DE-4B17-8FA2-D87A60F2E487}.Debug|Any CPU.Build.0 = Debug|Any CPU
		{DECBA9FE-B5DE-4B17-8FA2-D87A60F2E487}.Release|Any CPU.ActiveCfg = Release|Any CPU
		{DECBA9FE-B5DE-4B17-8FA2-D87A60F2E487}.Release|Any CPU.Build.0 = Release|Any CPU
	EndGlobalSection
	GlobalSection(SolutionProperties) = preSolution
		HideSolutionNode = FALSE
	EndGlobalSection
	GlobalSection(ExtensibilityGlobals) = postSolution
		SolutionGuid = {C9C927F9-F2E5-4B48-AE6F-C23E5BEAB549}
	EndGlobalSection
EndGlobal
